
Microsoft Visual Studio Solution File, Format Version 12.00
# Visual Studio Version 16
VisualStudioVersion = 16.0.30523.141
MinimumVisualStudioVersion = 10.0.40219.1
Project("{FAE04EC0-301F-11D3-BF4B-00C04F79EFBC}") = "DotNetEssWE01", "DotNetEssWE01\DotNetEssWE01.csproj", "{3A0FA148-28D7-4829-948E-C490B7E441A5}"
EndProject
Project("{FAE04EC0-301F-11D3-BF4B-00C04F79EFBC}") = "WE01.Logica", "WE01.Logica\WE01.Logica.csproj", "{92DD8938-C5AF-4319-9312-5CD3AA447F44}"
EndProject
Global
	GlobalSection(SolutionConfigurationPlatforms) = preSolution
		Debug|Any CPU = Debug|Any CPU
		Release|Any CPU = Release|Any CPU
	EndGlobalSection
	GlobalSection(ProjectConfigurationPlatforms) = postSolution
		{3A0FA148-28D7-4829-948E-C490B7E441A5}.Debug|Any CPU.ActiveCfg = Debug|Any CPU
		{3A0FA148-28D7-4829-948E-C490B7E441A5}.Debug|Any CPU.Build.0 = Debug|Any CPU
		{3A0FA148-28D7-4829-948E-C490B7E441A5}.Release|Any CPU.ActiveCfg = Release|Any CPU
		{3A0FA148-28D7-4829-948E-C490B7E441A5}.Release|Any CPU.Build.0 = Release|Any CPU
		{92DD8938-C5AF-4319-9312-5CD3AA447F44}.Debug|Any CPU.ActiveCfg = Debug|Any CPU
		{92DD8938-C5AF-4319-9312-5CD3AA447F44}.Debug|Any CPU.Build.0 = Debug|Any CPU
		{92DD8938-C5AF-4319-9312-5CD3AA447F44}.Release|Any CPU.ActiveCfg = Release|Any CPU
		{92DD8938-C5AF-4319-9312-5CD3AA447F44}.Release|Any CPU.Build.0 = Release|Any CPU
	EndGlobalSection
	GlobalSection(SolutionProperties) = preSolution
		HideSolutionNode = FALSE
	EndGlobalSection
	GlobalSection(ExtensibilityGlobals) = postSolution
		SolutionGuid = {1724EC35-DBDE-4F55-B4F5-9EA1879651C3}
	EndGlobalSection
EndGlobal
